
Microsoft Visual Studio Solution File, Format Version 12.00
# Visual Studio 2013
VisualStudioVersion = 12.0.31101.0
MinimumVisualStudioVersion = 10.0.40219.1
Project("{FAE04EC0-301F-11D3-BF4B-00C04F79EFBC}") = "Data", "Data\Data.csproj", "{5426C385-8F04-4CEF-8BFB-13CCD74F8CC3}"
EndProject
Project("{FAE04EC0-301F-11D3-BF4B-00C04F79EFBC}") = "Admin", "Admin\Admin.csproj", "{F4B4535F-3033-4BEF-8F59-31554755083A}"
EndProject
Project("{FAE04EC0-301F-11D3-BF4B-00C04F79EFBC}") = "Web", "Web\Web.csproj", "{EB18832E-0AD9-48FC-A096-4170EFBC25C1}"
EndProject
Global
	GlobalSection(SolutionConfigurationPlatforms) = preSolution
		Debug|Any CPU = Debug|Any CPU
		Release|Any CPU = Release|Any CPU
	EndGlobalSection
	GlobalSection(ProjectConfigurationPlatforms) = postSolution
		{5426C385-8F04-4CEF-8BFB-13CCD74F8CC3}.Debug|Any CPU.ActiveCfg = Debug|Any CPU
		{5426C385-8F04-4CEF-8BFB-13CCD74F8CC3}.Debug|Any CPU.Build.0 = Debug|Any CPU
		{5426C385-8F04-4CEF-8BFB-13CCD74F8CC3}.Release|Any CPU.ActiveCfg = Release|Any CPU
		{5426C385-8F04-4CEF-8BFB-13CCD74F8CC3}.Release|Any CPU.Build.0 = Release|Any CPU
		{F4B4535F-3033-4BEF-8F59-31554755083A}.Debug|Any CPU.ActiveCfg = Debug|Any CPU
		{F4B4535F-3033-4BEF-8F59-31554755083A}.Debug|Any CPU.Build.0 = Debug|Any CPU
		{F4B4535F-3033-4BEF-8F59-31554755083A}.Release|Any CPU.ActiveCfg = Release|Any CPU
		{F4B4535F-3033-4BEF-8F59-31554755083A}.Release|Any CPU.Build.0 = Release|Any CPU
		{EB18832E-0AD9-48FC-A096-4170EFBC25C1}.Debug|Any CPU.ActiveCfg = Debug|Any CPU
		{EB18832E-0AD9-48FC-A096-4170EFBC25C1}.Debug|Any CPU.Build.0 = Debug|Any CPU
		{EB18832E-0AD9-48FC-A096-4170EFBC25C1}.Release|Any CPU.ActiveCfg = Release|Any CPU
		{EB18832E-0AD9-48FC-A096-4170EFBC25C1}.Release|Any CPU.Build.0 = Release|Any CPU
	EndGlobalSection
	GlobalSection(SolutionProperties) = preSolution
		HideSolutionNode = FALSE
	EndGlobalSection
EndGlobal
